
Microsoft Visual Studio Solution File, Format Version 12.00
# Visual Studio 16
Project("{FAE04EC0-301F-11D3-BF4B-00C04F79EFBC}") = "Assembly-CSharp", "Assembly-CSharp.csproj", "{B2F7E137-B74F-C08F-899C-76671227FA82}"
EndProject
Project("{FAE04EC0-301F-11D3-BF4B-00C04F79EFBC}") = "Assembly-CSharp-firstpass", "Assembly-CSharp-firstpass.csproj", "{DBF3843F-BDBD-EBA6-99CB-E9D54AA02E1D}"
EndProject
Project("{FAE04EC0-301F-11D3-BF4B-00C04F79EFBC}") = "Assembly-CSharp-Editor-firstpass", "Assembly-CSharp-Editor-firstpass.csproj", "{A7A965ED-484E-1B42-C6D6-E3AFF9954E40}"
EndProject
Global
	GlobalSection(SolutionConfigurationPlatforms) = preSolution
		Debug|Any CPU = Debug|Any CPU
		Release|Any CPU = Release|Any CPU
	EndGlobalSection
	GlobalSection(ProjectConfigurationPlatforms) = postSolution
		{B2F7E137-B74F-C08F-899C-76671227FA82}.Debug|Any CPU.ActiveCfg = Debug|Any CPU
		{B2F7E137-B74F-C08F-899C-76671227FA82}.Debug|Any CPU.Build.0 = Debug|Any CPU
		{B2F7E137-B74F-C08F-899C-76671227FA82}.Release|Any CPU.ActiveCfg = Release|Any CPU
		{B2F7E137-B74F-C08F-899C-76671227FA82}.Release|Any CPU.Build.0 = Release|Any CPU
		{DBF3843F-BDBD-EBA6-99CB-E9D54AA02E1D}.Debug|Any CPU.ActiveCfg = Debug|Any CPU
		{DBF3843F-BDBD-EBA6-99CB-E9D54AA02E1D}.Debug|Any CPU.Build.0 = Debug|Any CPU
		{DBF3843F-BDBD-EBA6-99CB-E9D54AA02E1D}.Release|Any CPU.ActiveCfg = Release|Any CPU
		{DBF3843F-BDBD-EBA6-99CB-E9D54AA02E1D}.Release|Any CPU.Build.0 = Release|Any CPU
		{A7A965ED-484E-1B42-C6D6-E3AFF9954E40}.Debug|Any CPU.ActiveCfg = Debug|Any CPU
		{A7A965ED-484E-1B42-C6D6-E3AFF9954E40}.Debug|Any CPU.Build.0 = Debug|Any CPU
		{A7A965ED-484E-1B42-C6D6-E3AFF9954E40}.Release|Any CPU.ActiveCfg = Release|Any CPU
		{A7A965ED-484E-1B42-C6D6-E3AFF9954E40}.Release|Any CPU.Build.0 = Release|Any CPU
	EndGlobalSection
	GlobalSection(SolutionProperties) = preSolution
		HideSolutionNode = FALSE
	EndGlobalSection
EndGlobal
